
Microsoft Visual Studio Solution File, Format Version 12.00
# Visual Studio 14
VisualStudioVersion = 14.0.24720.0
MinimumVisualStudioVersion = 10.0.40219.1
Project("{8BC9CEB8-8B4A-11D0-8D11-00A0C91BC942}") = "Logging", "Logging\Logging.vcxproj", "{2430EE62-0C14-48CA-BF04-415C83655C8B}"
EndProject
Project("{8BC9CEB8-8B4A-11D0-8D11-00A0C91BC942}") = "Threading", "Threading\Threading.vcxproj", "{BC45CC8B-EDEE-48AE-A17B-924608DA6532}"
EndProject
Project("{8BC9CEB8-8B4A-11D0-8D11-00A0C91BC942}") = "Networking", "Networking\Networking.vcxproj", "{3679828E-AE59-44B6-A4E3-92E655479A86}"
EndProject
Project("{8BC9CEB8-8B4A-11D0-8D11-00A0C91BC942}") = "System", "System\System.vcxproj", "{5EBDC4D9-A9CA-4780-9C54-09FE9E5B849E}"
EndProject
Project("{8BC9CEB8-8B4A-11D0-8D11-00A0C91BC942}") = "Algorithms", "Algorithms\Algorithms.vcxproj", "{DD47EFCB-AFFA-4D43-ACF8-962133179AF4}"
EndProject
Project("{8BC9CEB8-8B4A-11D0-8D11-00A0C91BC942}") = "MetaLang", "MetaLang\MetaLang.vcxproj", "{C5DC3E40-80D9-40C7-95F2-BA513893BC94}"
EndProject
Project("{2150E333-8FDC-42A3-9474-1A3956D46DE8}") = "Projects", "Projects", "{950BB665-20AF-41B9-8453-643299C61A64}"
EndProject
Project("{2150E333-8FDC-42A3-9474-1A3956D46DE8}") = "Testing", "Testing", "{D344048D-2E4B-484D-A9D0-2CF088ECDF4A}"
EndProject
Project("{8BC9CEB8-8B4A-11D0-8D11-00A0C91BC942}") = "Console", "Console\Console.vcxproj", "{48F69134-69FB-460F-A993-B640FC16BEC3}"
EndProject
Project("{8BC9CEB8-8B4A-11D0-8D11-00A0C91BC942}") = "Pipes", "Pipes\Pipes.vcxproj", "{82A4E8F9-654D-44AB-831F-9D2E85FE271D}"
EndProject
Project("{8BC9CEB8-8B4A-11D0-8D11-00A0C91BC942}") = "Remoting", "Remoting\Remoting.vcxproj", "{D1976C7D-AFB1-4E6D-815E-6BB1C65DEB3C}"
EndProject
Global
	GlobalSection(SolutionConfigurationPlatforms) = preSolution
		Debug|x64 = Debug|x64
		Debug|x86 = Debug|x86
		Release|x64 = Release|x64
		Release|x86 = Release|x86
	EndGlobalSection
	GlobalSection(ProjectConfigurationPlatforms) = postSolution
		{2430EE62-0C14-48CA-BF04-415C83655C8B}.Debug|x64.ActiveCfg = Debug|x64
		{2430EE62-0C14-48CA-BF04-415C83655C8B}.Debug|x64.Build.0 = Debug|x64
		{2430EE62-0C14-48CA-BF04-415C83655C8B}.Debug|x86.ActiveCfg = Debug|Win32
		{2430EE62-0C14-48CA-BF04-415C83655C8B}.Debug|x86.Build.0 = Debug|Win32
		{2430EE62-0C14-48CA-BF04-415C83655C8B}.Release|x64.ActiveCfg = Release|x64
		{2430EE62-0C14-48CA-BF04-415C83655C8B}.Release|x64.Build.0 = Release|x64
		{2430EE62-0C14-48CA-BF04-415C83655C8B}.Release|x86.ActiveCfg = Release|Win32
		{2430EE62-0C14-48CA-BF04-415C83655C8B}.Release|x86.Build.0 = Release|Win32
		{BC45CC8B-EDEE-48AE-A17B-924608DA6532}.Debug|x64.ActiveCfg = Debug|x64
		{BC45CC8B-EDEE-48AE-A17B-924608DA6532}.Debug|x64.Build.0 = Debug|x64
		{BC45CC8B-EDEE-48AE-A17B-924608DA6532}.Debug|x86.ActiveCfg = Debug|Win32
		{BC45CC8B-EDEE-48AE-A17B-924608DA6532}.Debug|x86.Build.0 = Debug|Win32
		{BC45CC8B-EDEE-48AE-A17B-924608DA6532}.Release|x64.ActiveCfg = Release|x64
		{BC45CC8B-EDEE-48AE-A17B-924608DA6532}.Release|x64.Build.0 = Release|x64
		{BC45CC8B-EDEE-48AE-A17B-924608DA6532}.Release|x86.ActiveCfg = Release|Win32
		{BC45CC8B-EDEE-48AE-A17B-924608DA6532}.Release|x86.Build.0 = Release|Win32
		{3679828E-AE59-44B6-A4E3-92E655479A86}.Debug|x64.ActiveCfg = Debug|x64
		{3679828E-AE59-44B6-A4E3-92E655479A86}.Debug|x64.Build.0 = Debug|x64
		{3679828E-AE59-44B6-A4E3-92E655479A86}.Debug|x86.ActiveCfg = Debug|Win32
		{3679828E-AE59-44B6-A4E3-92E655479A86}.Debug|x86.Build.0 = Debug|Win32
		{3679828E-AE59-44B6-A4E3-92E655479A86}.Release|x64.ActiveCfg = Release|x64
		{3679828E-AE59-44B6-A4E3-92E655479A86}.Release|x64.Build.0 = Release|x64
		{3679828E-AE59-44B6-A4E3-92E655479A86}.Release|x86.ActiveCfg = Release|Win32
		{3679828E-AE59-44B6-A4E3-92E655479A86}.Release|x86.Build.0 = Release|Win32
		{5EBDC4D9-A9CA-4780-9C54-09FE9E5B849E}.Debug|x64.ActiveCfg = Debug|x64
		{5EBDC4D9-A9CA-4780-9C54-09FE9E5B849E}.Debug|x64.Build.0 = Debug|x64
		{5EBDC4D9-A9CA-4780-9C54-09FE9E5B849E}.Debug|x86.ActiveCfg = Debug|Win32
		{5EBDC4D9-A9CA-4780-9C54-09FE9E5B849E}.Debug|x86.Build.0 = Debug|Win32
		{5EBDC4D9-A9CA-4780-9C54-09FE9E5B849E}.Release|x64.ActiveCfg = Release|x64
		{5EBDC4D9-A9CA-4780-9C54-09FE9E5B849E}.Release|x64.Build.0 = Release|x64
		{5EBDC4D9-A9CA-4780-9C54-09FE9E5B849E}.Release|x86.ActiveCfg = Release|Win32
		{5EBDC4D9-A9CA-4780-9C54-09FE9E5B849E}.Release|x86.Build.0 = Release|Win32
		{DD47EFCB-AFFA-4D43-ACF8-962133179AF4}.Debug|x64.ActiveCfg = Debug|x64
		{DD47EFCB-AFFA-4D43-ACF8-962133179AF4}.Debug|x64.Build.0 = Debug|x64
		{DD47EFCB-AFFA-4D43-ACF8-962133179AF4}.Debug|x86.ActiveCfg = Debug|Win32
		{DD47EFCB-AFFA-4D43-ACF8-962133179AF4}.Debug|x86.Build.0 = Debug|Win32
		{DD47EFCB-AFFA-4D43-ACF8-962133179AF4}.Release|x64.ActiveCfg = Release|x64
		{DD47EFCB-AFFA-4D43-ACF8-962133179AF4}.Release|x64.Build.0 = Release|x64
		{DD47EFCB-AFFA-4D43-ACF8-962133179AF4}.Release|x86.ActiveCfg = Release|Win32
		{DD47EFCB-AFFA-4D43-ACF8-962133179AF4}.Release|x86.Build.0 = Release|Win32
		{C5DC3E40-80D9-40C7-95F2-BA513893BC94}.Debug|x64.ActiveCfg = Debug|x64
		{C5DC3E40-80D9-40C7-95F2-BA513893BC94}.Debug|x64.Build.0 = Debug|x64
		{C5DC3E40-80D9-40C7-95F2-BA513893BC94}.Debug|x86.ActiveCfg = Debug|Win32
		{C5DC3E40-80D9-40C7-95F2-BA513893BC94}.Debug|x86.Build.0 = Debug|Win32
		{C5DC3E40-80D9-40C7-95F2-BA513893BC94}.Release|x64.ActiveCfg = Release|x64
		{C5DC3E40-80D9-40C7-95F2-BA513893BC94}.Release|x64.Build.0 = Release|x64
		{C5DC3E40-80D9-40C7-95F2-BA513893BC94}.Release|x86.ActiveCfg = Release|Win32
		{C5DC3E40-80D9-40C7-95F2-BA513893BC94}.Release|x86.Build.0 = Release|Win32
		{48F69134-69FB-460F-A993-B640FC16BEC3}.Debug|x64.ActiveCfg = Debug|x64
		{48F69134-69FB-460F-A993-B640FC16BEC3}.Debug|x64.Build.0 = Debug|x64
		{48F69134-69FB-460F-A993-B640FC16BEC3}.Debug|x86.ActiveCfg = Debug|Win32
		{48F69134-69FB-460F-A993-B640FC16BEC3}.Debug|x86.Build.0 = Debug|Win32
		{48F69134-69FB-460F-A993-B640FC16BEC3}.Release|x64.ActiveCfg = Release|x64
		{48F69134-69FB-460F-A993-B640FC16BEC3}.Release|x64.Build.0 = Release|x64
		{48F69134-69FB-460F-A993-B640FC16BEC3}.Release|x86.ActiveCfg = Release|Win32
		{48F69134-69FB-460F-A993-B640FC16BEC3}.Release|x86.Build.0 = Release|Win32
		{82A4E8F9-654D-44AB-831F-9D2E85FE271D}.Debug|x64.ActiveCfg = Debug|x64
		{82A4E8F9-654D-44AB-831F-9D2E85FE271D}.Debug|x64.Build.0 = Debug|x64
		{82A4E8F9-654D-44AB-831F-9D2E85FE271D}.Debug|x86.ActiveCfg = Debug|Win32
		{82A4E8F9-654D-44AB-831F-9D2E85FE271D}.Debug|x86.Build.0 = Debug|Win32
		{82A4E8F9-654D-44AB-831F-9D2E85FE271D}.Release|x64.ActiveCfg = Release|x64
		{82A4E8F9-654D-44AB-831F-9D2E85FE271D}.Release|x64.Build.0 = Release|x64
		{82A4E8F9-654D-44AB-831F-9D2E85FE271D}.Release|x86.ActiveCfg = Release|Win32
		{82A4E8F9-654D-44AB-831F-9D2E85FE271D}.Release|x86.Build.0 = Release|Win32
		{D1976C7D-AFB1-4E6D-815E-6BB1C65DEB3C}.Debug|x64.ActiveCfg = Debug|x64
		{D1976C7D-AFB1-4E6D-815E-6BB1C65DEB3C}.Debug|x64.Build.0 = Debug|x64
		{D1976C7D-AFB1-4E6D-815E-6BB1C65DEB3C}.Debug|x86.ActiveCfg = Debug|Win32
		{D1976C7D-AFB1-4E6D-815E-6BB1C65DEB3C}.Debug|x86.Build.0 = Debug|Win32
		{D1976C7D-AFB1-4E6D-815E-6BB1C65DEB3C}.Release|x64.ActiveCfg = Release|x64
		{D1976C7D-AFB1-4E6D-815E-6BB1C65DEB3C}.Release|x64.Build.0 = Release|x64
		{D1976C7D-AFB1-4E6D-815E-6BB1C65DEB3C}.Release|x86.ActiveCfg = Release|Win32
		{D1976C7D-AFB1-4E6D-815E-6BB1C65DEB3C}.Release|x86.Build.0 = Release|Win32
	EndGlobalSection
	GlobalSection(SolutionProperties) = preSolution
		HideSolutionNode = FALSE
	EndGlobalSection
	GlobalSection(NestedProjects) = preSolution
		{2430EE62-0C14-48CA-BF04-415C83655C8B} = {950BB665-20AF-41B9-8453-643299C61A64}
		{BC45CC8B-EDEE-48AE-A17B-924608DA6532} = {950BB665-20AF-41B9-8453-643299C61A64}
		{3679828E-AE59-44B6-A4E3-92E655479A86} = {950BB665-20AF-41B9-8453-643299C61A64}
		{5EBDC4D9-A9CA-4780-9C54-09FE9E5B849E} = {950BB665-20AF-41B9-8453-643299C61A64}
		{DD47EFCB-AFFA-4D43-ACF8-962133179AF4} = {950BB665-20AF-41B9-8453-643299C61A64}
		{C5DC3E40-80D9-40C7-95F2-BA513893BC94} = {950BB665-20AF-41B9-8453-643299C61A64}
		{48F69134-69FB-460F-A993-B640FC16BEC3} = {D344048D-2E4B-484D-A9D0-2CF088ECDF4A}
		{82A4E8F9-654D-44AB-831F-9D2E85FE271D} = {950BB665-20AF-41B9-8453-643299C61A64}
		{D1976C7D-AFB1-4E6D-815E-6BB1C65DEB3C} = {950BB665-20AF-41B9-8453-643299C61A64}
	EndGlobalSection
EndGlobal
