<?xml version="1.0" encoding="utf-8"?>
<Project ToolsVersion="4.0" xmlns="http://schemas.microsoft.com/developer/msbuild/2003">
  <ItemGroup>
    <Filter Include="Headers">
      <UniqueIdentifier>{93995380-89BD-4b04-88EB-625FBE52EBFB}</UniqueIdentifier>
      <Extensions>h;hh;hpp;hxx;hm;inl;inc;xsd</Extensions>
    </Filter>
    <Filter Include="Sources">
      <UniqueIdentifier>{4FC737F1-C7A5-4376-A066-2A32D752A2FF}</UniqueIdentifier>
      <Extensions>cpp;c;cc;cxx;def;odl;idl;hpj;bat;asm;asmx</Extensions>
    </Filter>
    <Filter Include="Interfaces">
      <UniqueIdentifier>{e15d3a0b-0fac-4ded-8053-0f722544676f}</UniqueIdentifier>
    </Filter>
  </ItemGroup>
  <ItemGroup>
    <ClInclude Include="stdafx.h">
      <Filter>Headers</Filter>
    </ClInclude>
    <ClInclude Include="targetver.h">
      <Filter>Headers</Filter>
    </ClInclude>
    <ClInclude Include="Server.h">
      <Filter>Headers</Filter>
    </ClInclude>
    <ClInclude Include="IAcceptor.h">
      <Filter>Interfaces</Filter>
    </ClInclude>
    <ClInclude Include="IConnector.h">
      <Filter>Interfaces</Filter>
    </ClInclude>
    <ClInclude Include="Remoting.h">
      <Filter>Headers</Filter>
    </ClInclude>
    <ClInclude Include="Channel.h">
      <Filter>Headers</Filter>
    </ClInclude>
    <ClInclude Include="Delegates.h">
      <Filter>Headers</Filter>
    </ClInclude>
    <ClInclude Include="Channels.h">
      <Filter>Headers</Filter>
    </ClInclude>
    <ClInclude Include="Client.h">
      <Filter>Headers</Filter>
    </ClInclude>
    <ClInclude Include="EndPoint.h">
      <Filter>Headers</Filter>
    </ClInclude>
    <ClInclude Include="ITransport.h">
      <Filter>Interfaces</Filter>
    </ClInclude>
    <ClInclude Include="TransportState.h">
      <Filter>Headers</Filter>
    </ClInclude>
    <ClInclude Include="ChannelPtr.h">
      <Filter>Headers</Filter>
    </ClInclude>
  </ItemGroup>
  <ItemGroup>
    <ClCompile Include="stdafx.cpp">
      <Filter>Sources</Filter>
    </ClCompile>
    <ClCompile Include="Server.cpp">
      <Filter>Sources</Filter>
    </ClCompile>
    <ClCompile Include="Channel.cpp">
      <Filter>Sources</Filter>
    </ClCompile>
    <ClCompile Include="Channels.cpp">
      <Filter>Sources</Filter>
    </ClCompile>
    <ClCompile Include="Client.cpp">
      <Filter>Sources</Filter>
    </ClCompile>
    <ClCompile Include="EndPoint.cpp">
      <Filter>Sources</Filter>
    </ClCompile>
    <ClCompile Include="ChannelPtr.cpp">
      <Filter>Sources</Filter>
    </ClCompile>
  </ItemGroup>
</Project>