<?xml version="1.0" encoding="utf-8"?>
<Project ToolsVersion="4.0" xmlns="http://schemas.microsoft.com/developer/msbuild/2003">
  <ItemGroup>
    <Filter Include="_Headers">
      <UniqueIdentifier>{93995380-89BD-4b04-88EB-625FBE52EBFB}</UniqueIdentifier>
      <Extensions>h;hh;hpp;hxx;hm;inl;inc;xsd</Extensions>
    </Filter>
    <Filter Include="_Sources">
      <UniqueIdentifier>{4FC737F1-C7A5-4376-A066-2A32D752A2FF}</UniqueIdentifier>
      <Extensions>cpp;c;cc;cxx;def;odl;idl;hpj;bat;asm;asmx</Extensions>
    </Filter>
    <Filter Include="SharedMemory">
      <UniqueIdentifier>{250aeb61-95fd-47a7-a385-07adaaa55615}</UniqueIdentifier>
    </Filter>
    <Filter Include="SharedMemory\Headers">
      <UniqueIdentifier>{c83ef4dd-1287-43cd-b05f-cad5a272801e}</UniqueIdentifier>
    </Filter>
    <Filter Include="SharedMemory\Sources">
      <UniqueIdentifier>{1b35c75d-2f62-41ca-b9fe-4c9b06bd0e88}</UniqueIdentifier>
    </Filter>
    <Filter Include="Exceptions">
      <UniqueIdentifier>{f49a316c-dd3c-4f37-9e01-789bfe3c0a22}</UniqueIdentifier>
    </Filter>
    <Filter Include="Exceptions\Headers">
      <UniqueIdentifier>{73de347f-4d35-41b6-b823-2494ca2386c0}</UniqueIdentifier>
    </Filter>
    <Filter Include="Exceptions\Sources">
      <UniqueIdentifier>{ba211a6d-f638-40fd-b858-1d94d0efffb8}</UniqueIdentifier>
    </Filter>
    <Filter Include="DateTime">
      <UniqueIdentifier>{3066c721-4ee9-4ddc-b84c-686002ffcc52}</UniqueIdentifier>
    </Filter>
    <Filter Include="DateTime\Headers">
      <UniqueIdentifier>{d08e1a7c-045a-4976-a5c7-67fea6d2e177}</UniqueIdentifier>
    </Filter>
    <Filter Include="DateTime\Sources">
      <UniqueIdentifier>{335e81c5-d946-4098-96a9-0be7ebdd5f67}</UniqueIdentifier>
    </Filter>
    <Filter Include="FileSystem">
      <UniqueIdentifier>{6ef3d11f-b388-45b6-953f-788c400ce944}</UniqueIdentifier>
    </Filter>
    <Filter Include="FileSystem\Headers">
      <UniqueIdentifier>{d0b42723-044b-4e0c-95d0-4c203b2e85b8}</UniqueIdentifier>
    </Filter>
    <Filter Include="FileSystem\Sourcs">
      <UniqueIdentifier>{827853b2-f131-465a-a9e3-e1362a13053f}</UniqueIdentifier>
    </Filter>
  </ItemGroup>
  <ItemGroup>
    <ClInclude Include="stdafx.h">
      <Filter>_Headers</Filter>
    </ClInclude>
    <ClInclude Include="targetver.h">
      <Filter>_Headers</Filter>
    </ClInclude>
    <ClInclude Include="System.h">
      <Filter>_Headers</Filter>
    </ClInclude>
    <ClInclude Include="Delegate.h">
      <Filter>_Headers</Filter>
    </ClInclude>
    <ClInclude Include="Nullable.h">
      <Filter>_Headers</Filter>
    </ClInclude>
    <ClInclude Include="Time.h">
      <Filter>_Headers</Filter>
    </ClInclude>
    <ClInclude Include="Type.h">
      <Filter>_Headers</Filter>
    </ClInclude>
    <ClInclude Include="TypeTraits.h">
      <Filter>_Headers</Filter>
    </ClInclude>
    <ClInclude Include="Task.h">
      <Filter>_Headers</Filter>
    </ClInclude>
    <ClInclude Include="TaskBase.h">
      <Filter>_Headers</Filter>
    </ClInclude>
    <ClInclude Include="SharedMemory.h">
      <Filter>SharedMemory\Headers</Filter>
    </ClInclude>
    <ClInclude Include="SharedMemoryAccess.h">
      <Filter>SharedMemory\Headers</Filter>
    </ClInclude>
    <ClInclude Include="SystemException.h">
      <Filter>Exceptions\Headers</Filter>
    </ClInclude>
    <ClInclude Include="TimeoutException.h">
      <Filter>Exceptions\Headers</Filter>
    </ClInclude>
    <ClInclude Include="Sal.h">
      <Filter>_Headers</Filter>
    </ClInclude>
    <ClInclude Include="Functions.h">
      <Filter>_Headers</Filter>
    </ClInclude>
    <ClInclude Include="Functions.Windows.hpp">
      <Filter>_Sources</Filter>
    </ClInclude>
    <ClInclude Include="Functions.Linux.hpp">
      <Filter>_Sources</Filter>
    </ClInclude>
    <ClInclude Include="MemoryStream.h">
      <Filter>_Headers</Filter>
    </ClInclude>
    <ClInclude Include="Timeout.h">
      <Filter>DateTime\Headers</Filter>
    </ClInclude>
    <ClInclude Include="Enumeration.h">
      <Filter>_Headers</Filter>
    </ClInclude>
    <ClInclude Include="Types.h">
      <Filter>_Headers</Filter>
    </ClInclude>
    <ClInclude Include="Std.h">
      <Filter>_Headers</Filter>
    </ClInclude>
    <ClInclude Include="FileSystem.h">
      <Filter>FileSystem\Headers</Filter>
    </ClInclude>
    <ClInclude Include="FileSystem.Windows.hpp">
      <Filter>FileSystem\Sourcs</Filter>
    </ClInclude>
    <ClInclude Include="FileSystem.Linux.hpp">
      <Filter>FileSystem\Sourcs</Filter>
    </ClInclude>
    <ClInclude Include="DateTime.h">
      <Filter>DateTime\Headers</Filter>
    </ClInclude>
    <ClInclude Include="SystemClock.h">
      <Filter>DateTime\Headers</Filter>
    </ClInclude>
    <ClInclude Include="SystemTimePoint.h">
      <Filter>DateTime\Headers</Filter>
    </ClInclude>
  </ItemGroup>
  <ItemGroup>
    <ClCompile Include="stdafx.cpp">
      <Filter>_Sources</Filter>
    </ClCompile>
    <ClCompile Include="Time.cpp">
      <Filter>_Sources</Filter>
    </ClCompile>
    <ClCompile Include="System.cpp">
      <Filter>_Sources</Filter>
    </ClCompile>
    <ClCompile Include="SharedMemory.cpp">
      <Filter>SharedMemory\Sources</Filter>
    </ClCompile>
    <ClCompile Include="SharedMemoryAccess.cpp">
      <Filter>SharedMemory\Sources</Filter>
    </ClCompile>
    <ClCompile Include="SystemException.cpp">
      <Filter>Exceptions\Sources</Filter>
    </ClCompile>
    <ClCompile Include="TimeoutException.cpp">
      <Filter>Exceptions\Sources</Filter>
    </ClCompile>
    <ClCompile Include="Functions.cpp">
      <Filter>_Sources</Filter>
    </ClCompile>
    <ClCompile Include="MemoryStream.cpp">
      <Filter>_Sources</Filter>
    </ClCompile>
    <ClCompile Include="Timeout.cpp">
      <Filter>DateTime\Sources</Filter>
    </ClCompile>
    <ClCompile Include="FileSystem.cpp">
      <Filter>FileSystem\Sourcs</Filter>
    </ClCompile>
    <ClCompile Include="SystemClock.cpp">
      <Filter>DateTime\Sources</Filter>
    </ClCompile>
    <ClCompile Include="DateTime.cpp">
      <Filter>DateTime\Sources</Filter>
    </ClCompile>
    <ClCompile Include="SystemTimePoint.cpp">
      <Filter>DateTime\Sources</Filter>
    </ClCompile>
  </ItemGroup>
</Project>